hash: 14d3af9544a270cbd2a02e674385a7784753582bf14e508e9a3da3cb1aec2e5c
updated: 2017-07-09T17:05:17.4754835+02:00
imports:
- name: github.com/asaskevich/govalidator
  version: 4918b99a7cb949bb295f3c7bbaf24b577d806e35
- name: github.com/dgrijalva/jwt-go
  version: d2709f9f1f31ebcda9651b03077758c1f3a0018c
- name: github.com/golang/protobuf
  version: 69b215d01a5606c843240eab4937eab3acee6530
  subpackages:
  - proto
- name: github.com/mohae/deepcopy
  version: 491d3605edfb866af34a48075bd4355ac1bf46ca
- name: github.com/moul/http2curl
  version: 4e24498b31dba4683efb9d35c1c8a91e2eda28c8
- name: github.com/ory/fosite
  version: 63f329b104c36dcbe2ee2f2a5562c6422f36224b
  subpackages:
  - compose
  - handler/oauth2
  - handler/openid
  - storage
  - token/hmac
  - token/jwt
- name: github.com/parnurzeal/gorequest
  version: a578a48e8d6ca8b01a3b18314c43c6716bb5f5a3
- name: github.com/pborman/uuid
  version: a97ce2ca70fa5a848076093f05e639a89ca34d06
- name: github.com/pkg/errors
  version: 645ef00459ed84a119197bfb8d8205042c6df63d
- name: golang.org/x/crypto
  version: 453249f01cfeb54c3d549ddb75ff152ca243f9d8
  subpackages:
  - bcrypt
  - blowfish
- name: golang.org/x/net
  version: dd2d9a67c97da0afa00d5726e28086007a0acce5
  subpackages:
  - context
  - publicsuffix
- name: golang.org/x/oauth2
  version: b9780ec78894ab900c062d58ee3076cd9b2a4501
  subpackages:
  - clientcredentials
  - internal
- name: google.golang.org/appengine
  version: 3a452f9e00122ead39586d68ffdb9c6e1326af3c
  subpackages:
  - internal
  - internal/base
  - internal/datastore
  - internal/log
  - internal/remote_api
  - internal/urlfetch
  - urlfetch
testImports: []
